
Microsoft Visual Studio Solution File, Format Version 12.00
# Visual Studio Version 17
VisualStudioVersion = 17.4.33205.214
MinimumVisualStudioVersion = 10.0.40219.1
Project("{FAE04EC0-301F-11D3-BF4B-00C04F79EFBC}") = "couter", "couter\couter.csproj", "{806EA34C-D490-4D35-B929-DFAEC8ACA122}"
EndProject
Global
	GlobalSection(SolutionConfigurationPlatforms) = preSolution
		Debug|Any CPU = Debug|Any CPU
		Release|Any CPU = Release|Any CPU
	EndGlobalSection
	GlobalSection(ProjectConfigurationPlatforms) = postSolution
		{806EA34C-D490-4D35-B929-DFAEC8ACA122}.Debug|Any CPU.ActiveCfg = Debug|Any CPU
		{806EA34C-D490-4D35-B929-DFAEC8ACA122}.Debug|Any CPU.Build.0 = Debug|Any CPU
		{806EA34C-D490-4D35-B929-DFAEC8ACA122}.Release|Any CPU.ActiveCfg = Release|Any CPU
		{806EA34C-D490-4D35-B929-DFAEC8ACA122}.Release|Any CPU.Build.0 = Release|Any CPU
	EndGlobalSection
	GlobalSection(SolutionProperties) = preSolution
		HideSolutionNode = FALSE
	EndGlobalSection
	GlobalSection(ExtensibilityGlobals) = postSolution
		SolutionGuid = {E2E4D4A9-A9E7-4CF6-987A-00D0CFBF60B6}
	EndGlobalSection
EndGlobal
